
Microsoft Visual Studio Solution File, Format Version 12.00
# Visual Studio Version 16
VisualStudioVersion = 16.0.29209.62
MinimumVisualStudioVersion = 10.0.40219.1
Project("{8BC9CEB8-8B4A-11D0-8D11-00A0C91BC942}") = "S1Control", "S1Control.vcxproj", "{7673C289-901D-494A-AA75-1C1F5632EEAE}"
EndProject
Global
	GlobalSection(SolutionConfigurationPlatforms) = preSolution
		Debug|VisualGDB = Debug|VisualGDB
		Release|VisualGDB = Release|VisualGDB
	EndGlobalSection
	GlobalSection(ProjectConfigurationPlatforms) = postSolution
		{7673C289-901D-494A-AA75-1C1F5632EEAE}.Debug|VisualGDB.ActiveCfg = Debug|VisualGDB
		{7673C289-901D-494A-AA75-1C1F5632EEAE}.Debug|VisualGDB.Build.0 = Debug|VisualGDB
		{7673C289-901D-494A-AA75-1C1F5632EEAE}.Release|VisualGDB.ActiveCfg = Release|VisualGDB
		{7673C289-901D-494A-AA75-1C1F5632EEAE}.Release|VisualGDB.Build.0 = Release|VisualGDB
	EndGlobalSection
	GlobalSection(SolutionProperties) = preSolution
		HideSolutionNode = FALSE
	EndGlobalSection
	GlobalSection(ExtensibilityGlobals) = postSolution
		SolutionGuid = {530201CC-53A3-458A-970B-896CE1888B26}
	EndGlobalSection
EndGlobal
