
Microsoft Visual Studio Solution File, Format Version 12.00
# Visual Studio 15
VisualStudioVersion = 15.0.28307.705
MinimumVisualStudioVersion = 10.0.40219.1
Project("{8BC9CEB8-8B4A-11D0-8D11-00A0C91BC942}") = "templete", "controlside\templete.vcxproj", "{60775AC0-2D9D-419F-820B-11B82525EB3E}"
EndProject
Global
	GlobalSection(SolutionConfigurationPlatforms) = preSolution
		Debug|VisualGDB = Debug|VisualGDB
		Release|VisualGDB = Release|VisualGDB
	EndGlobalSection
	GlobalSection(ProjectConfigurationPlatforms) = postSolution
		{60775AC0-2D9D-419F-820B-11B82525EB3E}.Debug|VisualGDB.ActiveCfg = Debug|VisualGDB
		{60775AC0-2D9D-419F-820B-11B82525EB3E}.Debug|VisualGDB.Build.0 = Debug|VisualGDB
		{60775AC0-2D9D-419F-820B-11B82525EB3E}.Release|VisualGDB.ActiveCfg = Release|VisualGDB
		{60775AC0-2D9D-419F-820B-11B82525EB3E}.Release|VisualGDB.Build.0 = Release|VisualGDB
	EndGlobalSection
	GlobalSection(SolutionProperties) = preSolution
		HideSolutionNode = FALSE
	EndGlobalSection
	GlobalSection(ExtensibilityGlobals) = postSolution
		SolutionGuid = {24D61DE9-96AF-4664-AFF5-F25243FB81EB}
	EndGlobalSection
EndGlobal
